
Microsoft Visual Studio Solution File, Format Version 12.00
# Visual Studio 15
Project("{FAE04EC0-301F-11D3-BF4B-00C04F79EFBC}") = "UnityEditor.UI", "UnityEditor.UI.csproj", "{C22EF5A7-01AE-3D5D-130B-39501553BD05}"
EndProject
Project("{FAE04EC0-301F-11D3-BF4B-00C04F79EFBC}") = "Assembly-CSharp", "Assembly-CSharp.csproj", "{4F5EFCB9-859C-8926-B1BE-12FF784C750E}"
EndProject
Project("{FAE04EC0-301F-11D3-BF4B-00C04F79EFBC}") = "UnityEngine.UI", "UnityEngine.UI.csproj", "{8CE027CA-8C24-84FE-5744-52DF5152D07A}"
EndProject
Global
	GlobalSection(SolutionConfigurationPlatforms) = preSolution
		Debug|Any CPU = Debug|Any CPU
		Release|Any CPU = Release|Any CPU
	EndGlobalSection
	GlobalSection(ProjectConfigurationPlatforms) = postSolution
		{C22EF5A7-01AE-3D5D-130B-39501553BD05}.Debug|Any CPU.ActiveCfg = Debug|Any CPU
		{C22EF5A7-01AE-3D5D-130B-39501553BD05}.Debug|Any CPU.Build.0 = Debug|Any CPU
		{C22EF5A7-01AE-3D5D-130B-39501553BD05}.Release|Any CPU.ActiveCfg = Release|Any CPU
		{C22EF5A7-01AE-3D5D-130B-39501553BD05}.Release|Any CPU.Build.0 = Release|Any CPU
		{4F5EFCB9-859C-8926-B1BE-12FF784C750E}.Debug|Any CPU.ActiveCfg = Debug|Any CPU
		{4F5EFCB9-859C-8926-B1BE-12FF784C750E}.Debug|Any CPU.Build.0 = Debug|Any CPU
		{4F5EFCB9-859C-8926-B1BE-12FF784C750E}.Release|Any CPU.ActiveCfg = Release|Any CPU
		{4F5EFCB9-859C-8926-B1BE-12FF784C750E}.Release|Any CPU.Build.0 = Release|Any CPU
		{8CE027CA-8C24-84FE-5744-52DF5152D07A}.Debug|Any CPU.ActiveCfg = Debug|Any CPU
		{8CE027CA-8C24-84FE-5744-52DF5152D07A}.Debug|Any CPU.Build.0 = Debug|Any CPU
		{8CE027CA-8C24-84FE-5744-52DF5152D07A}.Release|Any CPU.ActiveCfg = Release|Any CPU
		{8CE027CA-8C24-84FE-5744-52DF5152D07A}.Release|Any CPU.Build.0 = Release|Any CPU
	EndGlobalSection
	GlobalSection(SolutionProperties) = preSolution
		HideSolutionNode = FALSE
	EndGlobalSection
EndGlobal
